
Microsoft Visual Studio Solution File, Format Version 12.00
# Visual Studio Version 17
VisualStudioVersion = 17.14.36408.4 d17.14
MinimumVisualStudioVersion = 10.0.40219.1
Project("{FAE04EC0-301F-11D3-BF4B-00C04F79EFBC}") = "EF task 2", "EF task 2\EF task 2.csproj", "{D79EAFEC-2E83-46D1-BB6C-88FD750752D2}"
EndProject
Global
	GlobalSection(SolutionConfigurationPlatforms) = preSolution
		Debug|Any CPU = Debug|Any CPU
		Release|Any CPU = Release|Any CPU
	EndGlobalSection
	GlobalSection(ProjectConfigurationPlatforms) = postSolution
		{D79EAFEC-2E83-46D1-BB6C-88FD750752D2}.Debug|Any CPU.ActiveCfg = Debug|Any CPU
		{D79EAFEC-2E83-46D1-BB6C-88FD750752D2}.Debug|Any CPU.Build.0 = Debug|Any CPU
		{D79EAFEC-2E83-46D1-BB6C-88FD750752D2}.Release|Any CPU.ActiveCfg = Release|Any CPU
		{D79EAFEC-2E83-46D1-BB6C-88FD750752D2}.Release|Any CPU.Build.0 = Release|Any CPU
	EndGlobalSection
	GlobalSection(SolutionProperties) = preSolution
		HideSolutionNode = FALSE
	EndGlobalSection
	GlobalSection(ExtensibilityGlobals) = postSolution
		SolutionGuid = {A1A47107-FB90-4B27-AEEF-A0279E8E41F3}
	EndGlobalSection
EndGlobal
